# This file is autogenerated, do not edit; changes may be undone by the next 'dep ensure'.


[[projects]]
  name = "cloud.google.com/go"
  packages = ["compute/metadata","iam","internal","internal/optional","internal/version","storage"]
  revision = "2d3a6656c17a60b0815b7e06ab0be04eacb6e613"
  version = "v0.16.0"

[[projects]]
  branch = "master"
  name = "github.com/fasterness/cors"
  packages = ["."]
  revision = "98d9de60582a29238d51e96347ecb48db88f9299"

[[projects]]
  branch = "master"
  name = "github.com/golang/protobuf"
  packages = ["proto","protoc-gen-go/descriptor","ptypes","ptypes/any","ptypes/duration","ptypes/timestamp"]
  revision = "1e59b77b52bf8e4b449a57e6f79f21226d571845"

[[projects]]
  name = "github.com/googleapis/gax-go"
  packages = ["."]
  revision = "317e0006254c44a0ac427cc52a0e083ff0b9622f"
  version = "v2.0.0"

[[projects]]
  branch = "master"
  name = "github.com/matryer/gopherize.me"
  packages = ["server"]
  revision = "b9b508cc63872e20c769542727fde0dea30183e2"

[[projects]]
  branch = "master"
  name = "github.com/meyskens/wwg-welcome"
  packages = ["gopherize"]
  revision = "e04759afde0611c77e587767b9aa364379745e39"

[[projects]]
  name = "github.com/pkg/errors"
  packages = ["."]
  revision = "645ef00459ed84a119197bfb8d8205042c6df63d"
  version = "v0.8.0"

[[projects]]
  branch = "master"
  name = "golang.org/x/net"
  packages = ["context","context/ctxhttp","http2","http2/hpack","idna","internal/timeseries","lex/httplex","publicsuffix","trace"]
  revision = "9dfe39835686865bff950a07b394c12a98ddc811"

[[projects]]
  branch = "master"
  name = "golang.org/x/oauth2"
  packages = [".","google","internal","jws","jwt"]
  revision = "f95fa95eaa936d9d87489b15d1d18b97c1ba9c28"

[[projects]]
  branch = "master"
  name = "golang.org/x/text"
  packages = ["collate","collate/build","internal/colltab","internal/gen","internal/tag","internal/triegen","internal/ucd","language","secure/bidirule","transform","unicode/bidi","unicode/cldr","unicode/norm","unicode/rangetable"]
  revision = "88f656faf3f37f690df1a32515b479415e1a6769"

[[projects]]
  branch = "master"
  name = "google.golang.org/api"
  packages = ["gensupport","googleapi","googleapi/internal/uritemplates","googleapi/transport","internal","iterator","option","storage/v1","transport/http"]
  revision = "790790d1b4a7d6b0d03d3725f980eedf80dc2707"

[[projects]]
  name = "google.golang.org/appengine"
  packages = [".","blobstore","datastore","file","image","internal","internal/app_identity","internal/base","internal/blobstore","internal/datastore","internal/image","internal/log","internal/memcache","internal/modules","internal/remote_api","internal/urlfetch","log","memcache","urlfetch"]
  revision = "150dc57a1b433e64154302bdc40b6bb8aefa313a"
  version = "v1.0.0"

[[projects]]
  branch = "master"
  name = "google.golang.org/genproto"
  packages = ["googleapis/api/annotations","googleapis/iam/v1","googleapis/rpc/status"]
  revision = "891aceb7c239e72692819142dfca057bdcbfcb96"

[[projects]]
  name = "google.golang.org/grpc"
  packages = [".","balancer","codes","connectivity","credentials","grpclb/grpc_lb_v1/messages","grpclog","internal","keepalive","metadata","naming","peer","resolver","stats","status","tap","transport"]
  revision = "401e0e00e4bb830a10496d64cd95e068c5bf50de"
  version = "v1.7.3"

[[projects]]
  name = "gopkg.in/resty.v0"
  packages = ["."]
  revision = "cf81ed0a604d373be63b4c036c6b05c06520615f"
  version = "v0.13"

[solve-meta]
  analyzer-name = "dep"
  analyzer-version = 1
  inputs-digest = "784d32471c8cacb798313915993425a18001df45d2c7b0a25faac7c620f2f60a"
  solver-name = "gps-cdcl"
  solver-version = 1
